{
  "name": "miniprogram",
  "version": "1.0.0",
  "lockfileVersion": 1,
  "requires": true,
  "dependencies": {
    "dayjs": {
      "version": "1.8.15",
      "resolved": "https://registry.npmjs.org/dayjs/-/dayjs-1.8.15.tgz",
      "integrity": "sha512-HYHCI1nohG52B45vCQg8Re3hNDZbMroWPkhz50yaX7Lu0ATyjGsTdoYZBpjED9ar6chqTx2dmSmM8A51mojnAg=="
    },
    "wux-weapp": {
      "version": "3.7.1",
      "resolved": "https://registry.npmjs.org/wux-weapp/-/wux-weapp-3.7.1.tgz",
      "integrity": "sha512-3Rdj7BTLV2BK0LLbhsbOgQbItyIvoCm7BBvqJ8tOGz3EZ+CL7Epp2Co2bbJr1u3WySnSsRmr2DDnsvaYyu93OQ=="
    }
  }
}
